// !$*UTF8*$!
{
	archiveVersion = 1;
	classes = {
	};
	objectVersion = 46;
	objects = {

/* Begin PBXBuildFile section */
		09A7039D1CE5FFA200F3014E /* AppDelegate.swift in Sources */ = {isa = PBXBuildFile; fileRef = 09A7039C1CE5FFA200F3014E /* AppDelegate.swift */; };
		09A7039F1CE5FFA200F3014E /* ViewController.swift in Sources */ = {isa = PBXBuildFile; fileRef = 09A7039E1CE5FFA200F3014E /* ViewController.swift */; };
		09A703A21CE5FFA200F3014E /* Main.storyboard in Resources */ = {isa = PBXBuildFile; fileRef = 09A703A01CE5FFA200F3014E /* Main.storyboard */; };
		09A703A41CE5FFA200F3014E /* Assets.xcassets in Resources */ = {isa = PBXBuildFile; fileRef = 09A703A31CE5FFA200F3014E /* Assets.xcassets */; };
		09A703A71CE5FFA200F3014E /* LaunchScreen.storyboard in Resources */ = {isa = PBXBuildFile; fileRef = 09A703A51CE5FFA200F3014E /* LaunchScreen.storyboard */; };
		09A703AF1CE6059700F3014E /* NetData.swift in Sources */ = {isa = PBXBuildFile; fileRef = 09A703AE1CE6059700F3014E /* NetData.swift */; };
		945D535C13F9F9D986605455 /* Pods.framework in Frameworks */ = {isa = PBXBuildFile; fileRef = 5513CD6D55B8517687518A26 /* Pods.framework */; };
/* End PBXBuildFile section */

/* Begin PBXFileReference section */
		09A703991CE5FFA200F3014E /* UploadPhotoAlamofire.app */ = {isa = PBXFileReference; explicitFileType = wrapper.application; includeInIndex = 0; path = UploadPhotoAlamofire.app; sourceTree = BUILT_PRODUCTS_DIR; };
		09A7039C1CE5FFA200F3014E /* AppDelegate.swift */ = {isa = PBXFileReference; lastKnownFileType = sourcecode.swift; path = AppDelegate.swift; sourceTree = "<group>"; };
		09A7039E1CE5FFA200F3014E /* ViewController.swift */ = {isa = PBXFileReference; lastKnownFileType = sourcecode.swift; path = ViewController.swift; sourceTree = "<group>"; };
		09A703A11CE5FFA200F3014E /* Base */ = {isa = PBXFileReference; lastKnownFileType = file.storyboard; name = Base; path = Base.lproj/Main.storyboard; sourceTree = "<group>"; };
		09A703A31CE5FFA200F3014E /* Assets.xcassets */ = {isa = PBXFileReference; lastKnownFileType = folder.assetcatalog; path = Assets.xcassets; sourceTree = "<group>"; };
		09A703A61CE5FFA200F3014E /* Base */ = {isa = PBXFileReference; lastKnownFileType = file.storyboard; name = Base; path = Base.lproj/LaunchScreen.storyboard; sourceTree = "<group>"; };
		09A703A81CE5FFA200F3014E /* Info.plist */ = {isa = PBXFileReference; lastKnownFileType = text.plist.xml; path = Info.plist; sourceTree = "<group>"; };
		09A703AE1CE6059700F3014E /* NetData.swift */ = {isa = PBXFileReference; fileEncoding = 4; lastKnownFileType = sourcecode.swift; path = NetData.swift; sourceTree = "<group>"; };
		5513CD6D55B8517687518A26 /* Pods.framework */ = {isa = PBXFileReference; explicitFileType = wrapper.framework; includeInIndex = 0; path = Pods.framework; sourceTree = BUILT_PRODUCTS_DIR; };
		90A08C90C95145F5DB2BD565 /* Pods.debug.xcconfig */ = {isa = PBXFileReference; includeInIndex = 1; lastKnownFileType = text.xcconfig; name = Pods.debug.xcconfig; path = "Pods/Target Support Files/Pods/Pods.debug.xcconfig"; sourceTree = "<group>"; };
		B331F8DAE8380445D9F02441 /* Pods.release.xcconfig */ = {isa = PBXFileReference; includeInIndex = 1; lastKnownFileType = text.xcconfig; name = Pods.release.xcconfig; path = "Pods/Target Support Files/Pods/Pods.release.xcconfig"; sourceTree = "<group>"; };
/* End PBXFileReference section */

/* Begin PBXFrameworksBuildPhase section */
		09A703961CE5FFA200F3014E /* Frameworks */ = {
			isa = PBXFrameworksBuildPhase;
			buildActionMask = 2147483647;
			files = (
				945D535C13F9F9D986605455 /* Pods.framework in Frameworks */,
			);
			runOnlyForDeploymentPostprocessing = 0;
		};
/* End PBXFrameworksBuildPhase section */

/* Begin PBXGroup section */
		09A703901CE5FFA100F3014E = {
			isa = PBXGroup;
			children = (
				09A7039B1CE5FFA200F3014E /* UploadPhotoAlamofire */,
				09A7039A1CE5FFA200F3014E /* Products */,
				4346CE582FB4BDF8065E7194 /* Pods */,
				4FD8800AADF1ACF325A54875 /* Frameworks */,
			);
			sourceTree = "<group>";
		};
		09A7039A1CE5FFA200F3014E /* Products */ = {
			isa = PBXGroup;
			children = (
				09A703991CE5FFA200F3014E /* UploadPhotoAlamofire.app */,
			);
			name = Products;
			sourceTree = "<group>";
		};
		09A7039B1CE5FFA200F3014E /* UploadPhotoAlamofire */ = {
			isa = PBXGroup;
			children = (
				09A7039C1CE5FFA200F3014E /* AppDelegate.swift */,
				09A7039E1CE5FFA200F3014E /* ViewController.swift */,
				09A703A01CE5FFA200F3014E /* Main.storyboard */,
				09A703A31CE5FFA200F3014E /* Assets.xcassets */,
				09A703A51CE5FFA200F3014E /* LaunchScreen.storyboard */,
				09A703A81CE5FFA200F3014E /* Info.plist */,
				09A703AE1CE6059700F3014E /* NetData.swift */,
			);
			path = UploadPhotoAlamofire;
			sourceTree = "<group>";
		};
		4346CE582FB4BDF8065E7194 /* Pods */ = {
			isa = PBXGroup;
			children = (
				90A08C90C95145F5DB2BD565 /* Pods.debug.xcconfig */,
				B331F8DAE8380445D9F02441 /* Pods.release.xcconfig */,
			);
			name = Pods;
			sourceTree = "<group>";
		};
		4FD8800AADF1ACF325A54875 /* Frameworks */ = {
			isa = PBXGroup;
			children = (
				5513CD6D55B8517687518A26 /* Pods.framework */,
			);
			name = Frameworks;
			sourceTree = "<group>";
		};
/* End PBXGroup section */

/* Begin PBXNativeTarget section */
		09A703981CE5FFA200F3014E /* UploadPhotoAlamofire */ = {
			isa = PBXNativeTarget;
			buildConfigurationList = 09A703AB1CE5FFA200F3014E /* Build configuration list for PBXNativeTarget "UploadPhotoAlamofire" */;
			buildPhases = (
				452598DE9F76851B61ADD5E4 /* Check Pods Manifest.lock */,
				09A703951CE5FFA200F3014E /* Sources */,
				09A703961CE5FFA200F3014E /* Frameworks */,
				09A703971CE5FFA200F3014E /* Resources */,
				C78EAF7A717EA5D3B20567E1 /* Embed Pods Frameworks */,
				212725CE40939C7AAFA9F0A6 /* Copy Pods Resources */,
			);
			buildRules = (
			);
			dependencies = (
			);
			name = UploadPhotoAlamofire;
			productName = UploadPhotoAlamofire;
			productReference = 09A703991CE5FFA200F3014E /* UploadPhotoAlamofire.app */;
			productType = "com.apple.product-type.application";
		};
/* End PBXNativeTarget section */

/* Begin PBXProject section */
		09A703911CE5FFA100F3014E /* Project object */ = {
			isa = PBXProject;
			attributes = {
				LastSwiftUpdateCheck = 0730;
				LastUpgradeCheck = 0730;
				ORGANIZATIONNAME = "haitham tory";
				TargetAttributes = {
					09A703981CE5FFA200F3014E = {
						CreatedOnToolsVersion = 7.3;
					};
				};
			};
			buildConfigurationList = 09A703941CE5FFA100F3014E /* Build configuration list for PBXProject "UploadPhotoAlamofire" */;
			compatibilityVersion = "Xcode 3.2";
			developmentRegion = English;
			hasScannedForEncodings = 0;
			knownRegions = (
				en,
				Base,
			);
			mainGroup = 09A703901CE5FFA100F3014E;
			productRefGroup = 09A7039A1CE5FFA200F3014E /* Products */;
			projectDirPath = "";
			projectRoot = "";
			targets = (
				09A703981CE5FFA200F3014E /* UploadPhotoAlamofire */,
			);
		};
/* End PBXProject section */

/* Begin PBXResourcesBuildPhase section */
		09A703971CE5FFA200F3014E /* Resources */ = {
			isa = PBXResourcesBuildPhase;
			buildActionMask = 2147483647;
			files = (
				09A703A71CE5FFA200F3014E /* LaunchScreen.storyboard in Resources */,
				09A703A41CE5FFA200F3014E /* Assets.xcassets in Resources */,
				09A703A21CE5FFA200F3014E /* Main.storyboard in Resources */,
			);
			runOnlyForDeploymentPostprocessing = 0;
		};
/* End PBXResourcesBuildPhase section */

/* Begin PBXShellScriptBuildPhase section */
		212725CE40939C7AAFA9F0A6 /* Copy Pods Resources */ = {
			isa = PBXShellScriptBuildPhase;
			buildActionMask = 2147483647;
			files = (
			);
			inputPaths = (
			);
			name = "Copy Pods Resources";
			outputPaths = (
			);
			runOnlyForDeploymentPostprocessing = 0;
			shellPath = /bin/sh;
			shellScript = "\"${SRCROOT}/Pods/Target Support Files/Pods/Pods-resources.sh\"\n";
			showEnvVarsInLog = 0;
		};
		452598DE9F76851B61ADD5E4 /* Check Pods Manifest.lock */ = {
			isa = PBXShellScriptBuildPhase;
			buildActionMask = 2147483647;
			files = (
			);
			inputPaths = (
			);
			name = "Check Pods Manifest.lock";
			outputPaths = (
			);
			runOnlyForDeploymentPostprocessing = 0;
			shellPath = /bin/sh;
			shellScript = "diff \"${PODS_ROOT}/../Podfile.lock\" \"${PODS_ROOT}/Manifest.lock\" > /dev/null\nif [[ $? != 0 ]] ; then\n    cat << EOM\nerror: The sandbox is not in sync with the Podfile.lock. Run 'pod install' or update your CocoaPods installation.\nEOM\n    exit 1\nfi\n";
			showEnvVarsInLog = 0;
		};
		C78EAF7A717EA5D3B20567E1 /* Embed Pods Frameworks */ = {
			isa = PBXShellScriptBuildPhase;
			buildActionMask = 2147483647;
			files = (
			);
			inputPaths = (
			);
			name = "Embed Pods Frameworks";
			outputPaths = (
			);
			runOnlyForDeploymentPostprocessing = 0;
			shellPath = /bin/sh;
			shellScript = "\"${SRCROOT}/Pods/Target Support Files/Pods/Pods-frameworks.sh\"\n";
			showEnvVarsInLog = 0;
		};
/* End PBXShellScriptBuildPhase section */

/* Begin PBXSourcesBuildPhase section */
		09A703951CE5FFA200F3014E /* Sources */ = {
			isa = PBXSourcesBuildPhase;
			buildActionMask = 2147483647;
			files = (
				09A703AF1CE6059700F3014E /* NetData.swift in Sources */,
				09A7039F1CE5FFA200F3014E /* ViewController.swift in Sources */,
				09A7039D1CE5FFA200F3014E /* AppDelegate.swift in Sources */,
			);
			runOnlyForDeploymentPostprocessing = 0;
		};
/* End PBXSourcesBuildPhase section */

/* Begin PBXVariantGroup section */
		09A703A01CE5FFA200F3014E /* Main.storyboard */ = {
			isa = PBXVariantGroup;
			children = (
				09A703A11CE5FFA200F3014E /* Base */,
			);
			name = Main.storyboard;
			sourceTree = "<group>";
		};
		09A703A51CE5FFA200F3014E /* LaunchScreen.storyboard */ = {
			isa = PBXVariantGroup;
			children = (
				09A703A61CE5FFA200F3014E /* Base */,
			);
			name = LaunchScreen.storyboard;
			sourceTree = "<group>";
		};
/* End PBXVariantGroup section */

/* Begin XCBuildConfiguration section */
		09A703A91CE5FFA200F3014E /* Debug */ = {
			isa = XCBuildConfiguration;
			buildSettings = {
				ALWAYS_SEARCH_USER_PATHS = NO;
				CLANG_ANALYZER_NONNULL = YES;
				CLANG_CXX_LANGUAGE_STANDARD = "gnu++0x";
				CLANG_CXX_LIBRARY = "libc++";
				CLANG_ENABLE_MODULES = YES;
				CLANG_ENABLE_OBJC_ARC = YES;
				CLANG_WARN_BOOL_CONVERSION = YES;
				CLANG_WARN_CONSTANT_CONVERSION = YES;
				CLANG_WARN_DIRECT_OBJC_ISA_USAGE = YES_ERROR;
				CLANG_WARN_EMPTY_BODY = YES;
				CLANG_WARN_ENUM_CONVERSION = YES;
				CLANG_WARN_INT_CONVERSION = YES;
				CLANG_WARN_OBJC_ROOT_CLASS = YES_ERROR;
				CLANG_WARN_UNREACHABLE_CODE = YES;
				CLANG_WARN__DUPLICATE_METHOD_MATCH = YES;
				"CODE_SIGN_IDENTITY[sdk=iphoneos*]" = "iPhone Developer";
				COPY_PHASE_STRIP = NO;
				DEBUG_INFORMATION_FORMAT = dwarf;
				ENABLE_STRICT_OBJC_MSGSEND = YES;
				ENABLE_TESTABILITY = YES;
				GCC_C_LANGUAGE_STANDARD = gnu99;
				GCC_DYNAMIC_NO_PIC = NO;
				GCC_NO_COMMON_BLOCKS = YES;
				GCC_OPTIMIZATION_LEVEL = 0;
				GCC_PREPROCESSOR_DEFINITIONS = (
					"DEBUG=1",
					"$(inherited)",
				);
				GCC_WARN_64_TO_32_BIT_CONVERSION = YES;
				GCC_WARN_ABOUT_RETURN_TYPE = YES_ERROR;
				GCC_WARN_UNDECLARED_SELECTOR = YES;
				GCC_WARN_UNINITIALIZED_AUTOS = YES_AGGRESSIVE;
				GCC_WARN_UNUSED_FUNCTION = YES;
				GCC_WARN_UNUSED_VARIABLE = YES;
				IPHONEOS_DEPLOYMENT_TARGET = 9.3;
				MTL_ENABLE_DEBUG_INFO = YES;
				ONLY_ACTIVE_ARCH = YES;
				SDKROOT = iphoneos;
				SWIFT_OPTIMIZATION_LEVEL = "-Onone";
			};
			name = Debug;
		};
		09A703AA1CE5FFA200F3014E /* Release */ = {
			isa = XCBuildConfiguration;
			buildSettings = {
				ALWAYS_SEARCH_USER_PATHS = NO;
				CLANG_ANALYZER_NONNULL = YES;
				CLANG_CXX_LANGUAGE_STANDARD = "gnu++0x";
				CLANG_CXX_LIBRARY = "libc++";
				CLANG_ENABLE_MODULES = YES;
				CLANG_ENABLE_OBJC_ARC = YES;
				CLANG_WARN_BOOL_CONVERSION = YES;
				CLANG_WARN_CONSTANT_CONVERSION = YES;
				CLANG_WARN_DIRECT_OBJC_ISA_USAGE = YES_ERROR;
				CLANG_WARN_EMPTY_BODY = YES;
				CLANG_WARN_ENUM_CONVERSION = YES;
				CLANG_WARN_INT_CONVERSION = YES;
				CLANG_WARN_OBJC_ROOT_CLASS = YES_ERROR;
				CLANG_WARN_UNREACHABLE_CODE = YES;
				CLANG_WARN__DUPLICATE_METHOD_MATCH = YES;
				"CODE_SIGN_IDENTITY[sdk=iphoneos*]" = "iPhone Developer";
				COPY_PHASE_STRIP = NO;
				DEBUG_INFORMATION_FORMAT = "dwarf-with-dsym";
				ENABLE_NS_ASSERTIONS = NO;
				ENABLE_STRICT_OBJC_MSGSEND = YES;
				GCC_C_LANGUAGE_STANDARD = gnu99;
				GCC_NO_COMMON_BLOCKS = YES;
				GCC_WARN_64_TO_32_BIT_CONVERSION = YES;
				GCC_WARN_ABOUT_RETURN_TYPE = YES_ERROR;
				GCC_WARN_UNDECLARED_SELECTOR = YES;
				GCC_WARN_UNINITIALIZED_AUTOS = YES_AGGRESSIVE;
				GCC_WARN_UNUSED_FUNCTION = YES;
				GCC_WARN_UNUSED_VARIABLE = YES;
				IPHONEOS_DEPLOYMENT_TARGET = 9.3;
				MTL_ENABLE_DEBUG_INFO = NO;
				SDKROOT = iphoneos;
				VALIDATE_PRODUCT = YES;
			};
			name = Release;
		};
		09A703AC1CE5FFA200F3014E /* Debug */ = {
			isa = XCBuildConfiguration;
			baseConfigurationReference = 90A08C90C95145F5DB2BD565 /* Pods.debug.xcconfig */;
			buildSettings = {
				ASSETCATALOG_COMPILER_APPICON_NAME = AppIcon;
				INFOPLIST_FILE = UploadPhotoAlamofire/Info.plist;
				LD_RUNPATH_SEARCH_PATHS = "$(inherited) @executable_path/Frameworks";
				PRODUCT_BUNDLE_IDENTIFIER = Freelancer.UploadPhotoAlamofire;
				PRODUCT_NAME = "$(TARGET_NAME)";
			};
			name = Debug;
		};
		09A703AD1CE5FFA200F3014E /* Release */ = {
			isa = XCBuildConfiguration;
			baseConfigurationReference = B331F8DAE8380445D9F02441 /* Pods.release.xcconfig */;
			buildSettings = {
				ASSETCATALOG_COMPILER_APPICON_NAME = AppIcon;
				INFOPLIST_FILE = UploadPhotoAlamofire/Info.plist;
				LD_RUNPATH_SEARCH_PATHS = "$(inherited) @executable_path/Frameworks";
				PRODUCT_BUNDLE_IDENTIFIER = Freelancer.UploadPhotoAlamofire;
				PRODUCT_NAME = "$(TARGET_NAME)";
			};
			name = Release;
		};
/* End XCBuildConfiguration section */

/* Begin XCConfigurationList section */
		09A703941CE5FFA100F3014E /* Build configuration list for PBXProject "UploadPhotoAlamofire" */ = {
			isa = XCConfigurationList;
			buildConfigurations = (
				09A703A91CE5FFA200F3014E /* Debug */,
				09A703AA1CE5FFA200F3014E /* Release */,
			);
			defaultConfigurationIsVisible = 0;
			defaultConfigurationName = Release;
		};
		09A703AB1CE5FFA200F3014E /* Build configuration list for PBXNativeTarget "UploadPhotoAlamofire" */ = {
			isa = XCConfigurationList;
			buildConfigurations = (
				09A703AC1CE5FFA200F3014E /* Debug */,
				09A703AD1CE5FFA200F3014E /* Release */,
			);
			defaultConfigurationIsVisible = 0;
			defaultConfigurationName = Release;
		};
/* End XCConfigurationList section */
	};
	rootObject = 09A703911CE5FFA100F3014E /* Project object */;
}
